
Microsoft Visual Studio Solution File, Format Version 12.00
# Visual Studio Version 17
VisualStudioVersion = 17.10.35027.167
MinimumVisualStudioVersion = 10.0.40219.1
Project("{2150E333-8FDC-42A3-9474-1A3956D46DE8}") = "src", "src", "{C358EF8C-377F-4E05-8FF1-7A886B731840}"
EndProject
Project("{2150E333-8FDC-42A3-9474-1A3956D46DE8}") = "API", "API", "{CDCF85B9-BFFD-474E-B441-4BEB97F40527}"
EndProject
Project("{2150E333-8FDC-42A3-9474-1A3956D46DE8}") = "Core", "Core", "{5F279663-79D6-4C75-B732-171E17E974F8}"
EndProject
Project("{2150E333-8FDC-42A3-9474-1A3956D46DE8}") = "Infraestructure", "Infraestructure", "{8B988EBF-5FF4-489D-9802-43CADBE2243E}"
EndProject
Project("{2150E333-8FDC-42A3-9474-1A3956D46DE8}") = "XCommon", "XCommon", "{ECAF93C6-A087-42A5-AA84-E0B1E38F2EB9}"
EndProject
Project("{FAE04EC0-301F-11D3-BF4B-00C04F79EFBC}") = "CleanArq.Api", "src\CleanArq.Api\CleanArq.Api.csproj", "{DC1B1A2E-E632-46A2-B547-618C37594A0E}"
EndProject
Project("{FAE04EC0-301F-11D3-BF4B-00C04F79EFBC}") = "CleanArq.Domain", "src\CleanArq.Domain\CleanArq.Domain.csproj", "{9DA5C249-C8FE-462A-B244-96871D6EC52D}"
EndProject
Project("{FAE04EC0-301F-11D3-BF4B-00C04F79EFBC}") = "CleanArq.Application", "src\CleanArq.Application\CleanArq.Application.csproj", "{D04A064E-7A68-4CE3-A7AD-85568FEA0ED0}"
EndProject
Project("{FAE04EC0-301F-11D3-BF4B-00C04F79EFBC}") = "CleanArq.Persistence", "src\CleanArq.Persistence\CleanArq.Persistence.csproj", "{6E5BF167-A245-402B-973A-6A18BD5205CB}"
EndProject
Project("{FAE04EC0-301F-11D3-BF4B-00C04F79EFBC}") = "CleanArq.External", "src\CleanArq.External\CleanArq.External.csproj", "{25876826-91F9-49DE-B467-99BE97939354}"
EndProject
Project("{FAE04EC0-301F-11D3-BF4B-00C04F79EFBC}") = "CleanArq.Common", "src\CleanArq.Common\CleanArq.Common.csproj", "{FECE2B2B-02B1-4F49-A083-1860A75F3735}"
EndProject
Global
	GlobalSection(SolutionConfigurationPlatforms) = preSolution
		Debug|Any CPU = Debug|Any CPU
		Release|Any CPU = Release|Any CPU
	EndGlobalSection
	GlobalSection(ProjectConfigurationPlatforms) = postSolution
		{DC1B1A2E-E632-46A2-B547-618C37594A0E}.Debug|Any CPU.ActiveCfg = Debug|Any CPU
		{DC1B1A2E-E632-46A2-B547-618C37594A0E}.Debug|Any CPU.Build.0 = Debug|Any CPU
		{DC1B1A2E-E632-46A2-B547-618C37594A0E}.Release|Any CPU.ActiveCfg = Release|Any CPU
		{DC1B1A2E-E632-46A2-B547-618C37594A0E}.Release|Any CPU.Build.0 = Release|Any CPU
		{9DA5C249-C8FE-462A-B244-96871D6EC52D}.Debug|Any CPU.ActiveCfg = Debug|Any CPU
		{9DA5C249-C8FE-462A-B244-96871D6EC52D}.Debug|Any CPU.Build.0 = Debug|Any CPU
		{9DA5C249-C8FE-462A-B244-96871D6EC52D}.Release|Any CPU.ActiveCfg = Release|Any CPU
		{9DA5C249-C8FE-462A-B244-96871D6EC52D}.Release|Any CPU.Build.0 = Release|Any CPU
		{D04A064E-7A68-4CE3-A7AD-85568FEA0ED0}.Debug|Any CPU.ActiveCfg = Debug|Any CPU
		{D04A064E-7A68-4CE3-A7AD-85568FEA0ED0}.Debug|Any CPU.Build.0 = Debug|Any CPU
		{D04A064E-7A68-4CE3-A7AD-85568FEA0ED0}.Release|Any CPU.ActiveCfg = Release|Any CPU
		{D04A064E-7A68-4CE3-A7AD-85568FEA0ED0}.Release|Any CPU.Build.0 = Release|Any CPU
		{6E5BF167-A245-402B-973A-6A18BD5205CB}.Debug|Any CPU.ActiveCfg = Debug|Any CPU
		{6E5BF167-A245-402B-973A-6A18BD5205CB}.Debug|Any CPU.Build.0 = Debug|Any CPU
		{6E5BF167-A245-402B-973A-6A18BD5205CB}.Release|Any CPU.ActiveCfg = Release|Any CPU
		{6E5BF167-A245-402B-973A-6A18BD5205CB}.Release|Any CPU.Build.0 = Release|Any CPU
		{25876826-91F9-49DE-B467-99BE97939354}.Debug|Any CPU.ActiveCfg = Debug|Any CPU
		{25876826-91F9-49DE-B467-99BE97939354}.Debug|Any CPU.Build.0 = Debug|Any CPU
		{25876826-91F9-49DE-B467-99BE97939354}.Release|Any CPU.ActiveCfg = Release|Any CPU
		{25876826-91F9-49DE-B467-99BE97939354}.Release|Any CPU.Build.0 = Release|Any CPU
		{FECE2B2B-02B1-4F49-A083-1860A75F3735}.Debug|Any CPU.ActiveCfg = Debug|Any CPU
		{FECE2B2B-02B1-4F49-A083-1860A75F3735}.Debug|Any CPU.Build.0 = Debug|Any CPU
		{FECE2B2B-02B1-4F49-A083-1860A75F3735}.Release|Any CPU.ActiveCfg = Release|Any CPU
		{FECE2B2B-02B1-4F49-A083-1860A75F3735}.Release|Any CPU.Build.0 = Release|Any CPU
	EndGlobalSection
	GlobalSection(SolutionProperties) = preSolution
		HideSolutionNode = FALSE
	EndGlobalSection
	GlobalSection(NestedProjects) = preSolution
		{CDCF85B9-BFFD-474E-B441-4BEB97F40527} = {C358EF8C-377F-4E05-8FF1-7A886B731840}
		{5F279663-79D6-4C75-B732-171E17E974F8} = {C358EF8C-377F-4E05-8FF1-7A886B731840}
		{8B988EBF-5FF4-489D-9802-43CADBE2243E} = {C358EF8C-377F-4E05-8FF1-7A886B731840}
		{ECAF93C6-A087-42A5-AA84-E0B1E38F2EB9} = {C358EF8C-377F-4E05-8FF1-7A886B731840}
		{DC1B1A2E-E632-46A2-B547-618C37594A0E} = {CDCF85B9-BFFD-474E-B441-4BEB97F40527}
		{9DA5C249-C8FE-462A-B244-96871D6EC52D} = {5F279663-79D6-4C75-B732-171E17E974F8}
		{D04A064E-7A68-4CE3-A7AD-85568FEA0ED0} = {5F279663-79D6-4C75-B732-171E17E974F8}
		{6E5BF167-A245-402B-973A-6A18BD5205CB} = {8B988EBF-5FF4-489D-9802-43CADBE2243E}
		{25876826-91F9-49DE-B467-99BE97939354} = {8B988EBF-5FF4-489D-9802-43CADBE2243E}
		{FECE2B2B-02B1-4F49-A083-1860A75F3735} = {ECAF93C6-A087-42A5-AA84-E0B1E38F2EB9}
	EndGlobalSection
	GlobalSection(ExtensibilityGlobals) = postSolution
		SolutionGuid = {2D6BA491-5D20-48CF-B87F-AFBCC6CEA5B9}
	EndGlobalSection
EndGlobal
